
Microsoft Visual Studio Solution File, Format Version 12.00
# Visual Studio Version 16
VisualStudioVersion = 16.0.31112.23
MinimumVisualStudioVersion = 10.0.40219.1
Project("{888888A0-9F3D-457C-B088-3A5042F75D52}") = "TITpv20_Регистрация и авторизация", "TITpv20_Регистрация и авторизация\TITpv20_Регистрация и авторизация.pyproj", "{86FF7A8F-482A-4AF1-A245-614654C1A15C}"
EndProject
Global
	GlobalSection(SolutionConfigurationPlatforms) = preSolution
		Debug|Any CPU = Debug|Any CPU
		Release|Any CPU = Release|Any CPU
	EndGlobalSection
	GlobalSection(ProjectConfigurationPlatforms) = postSolution
		{86FF7A8F-482A-4AF1-A245-614654C1A15C}.Debug|Any CPU.ActiveCfg = Debug|Any CPU
		{86FF7A8F-482A-4AF1-A245-614654C1A15C}.Release|Any CPU.ActiveCfg = Release|Any CPU
	EndGlobalSection
	GlobalSection(SolutionProperties) = preSolution
		HideSolutionNode = FALSE
	EndGlobalSection
	GlobalSection(ExtensibilityGlobals) = postSolution
		SolutionGuid = {07FCB21A-2EC4-4D6C-A0DC-AE3434A07ED0}
	EndGlobalSection
EndGlobal
